
Microsoft Visual Studio Solution File, Format Version 12.00
# Visual Studio Version 16
VisualStudioVersion = 16.0.29911.84
MinimumVisualStudioVersion = 10.0.40219.1
Project("{FAE04EC0-301F-11D3-BF4B-00C04F79EFBC}") = "CRMGURU.TestTask", "CRMGURU.TestTask\CRMGURU.TestTask.csproj", "{74E994F3-9865-4D04-9404-A7B8CEC25B5D}"
EndProject
Global
	GlobalSection(SolutionConfigurationPlatforms) = preSolution
		Debug|Any CPU = Debug|Any CPU
		Release|Any CPU = Release|Any CPU
	EndGlobalSection
	GlobalSection(ProjectConfigurationPlatforms) = postSolution
		{74E994F3-9865-4D04-9404-A7B8CEC25B5D}.Debug|Any CPU.ActiveCfg = Debug|Any CPU
		{74E994F3-9865-4D04-9404-A7B8CEC25B5D}.Debug|Any CPU.Build.0 = Debug|Any CPU
		{74E994F3-9865-4D04-9404-A7B8CEC25B5D}.Release|Any CPU.ActiveCfg = Release|Any CPU
		{74E994F3-9865-4D04-9404-A7B8CEC25B5D}.Release|Any CPU.Build.0 = Release|Any CPU
	EndGlobalSection
	GlobalSection(SolutionProperties) = preSolution
		HideSolutionNode = FALSE
	EndGlobalSection
	GlobalSection(ExtensibilityGlobals) = postSolution
		SolutionGuid = {859EC574-84CD-4C44-898D-65747857A4EB}
	EndGlobalSection
EndGlobal
